
Microsoft Visual Studio Solution File, Format Version 12.00
# Visual Studio 15
VisualStudioVersion = 15.0.27428.2037
MinimumVisualStudioVersion = 10.0.40219.1
Project("{9A19103F-16F7-4668-BE54-9A1E7A4F7556}") = "RockLib.Logging.DependencyInjection", "RockLib.Logging.DependencyInjection\RockLib.Logging.DependencyInjection.csproj", "{A07A8BEF-6786-44A5-8E2D-60A14FFBE772}"
EndProject
Project("{9A19103F-16F7-4668-BE54-9A1E7A4F7556}") = "RockLib.Logging.DependencyInjection.Tests", "RockLib.Logging.DependencyInjection.Tests\RockLib.Logging.DependencyInjection.Tests.csproj", "{1E143C4D-C527-4038-8CD3-5F26EC7E644B}"
EndProject
Global
	GlobalSection(SolutionConfigurationPlatforms) = preSolution
		Debug|Any CPU = Debug|Any CPU
		Release|Any CPU = Release|Any CPU
	EndGlobalSection
	GlobalSection(ProjectConfigurationPlatforms) = postSolution
		{A07A8BEF-6786-44A5-8E2D-60A14FFBE772}.Debug|Any CPU.ActiveCfg = Debug|Any CPU
		{A07A8BEF-6786-44A5-8E2D-60A14FFBE772}.Debug|Any CPU.Build.0 = Debug|Any CPU
		{A07A8BEF-6786-44A5-8E2D-60A14FFBE772}.Release|Any CPU.ActiveCfg = Release|Any CPU
		{A07A8BEF-6786-44A5-8E2D-60A14FFBE772}.Release|Any CPU.Build.0 = Release|Any CPU
		{1E143C4D-C527-4038-8CD3-5F26EC7E644B}.Debug|Any CPU.ActiveCfg = Debug|Any CPU
		{1E143C4D-C527-4038-8CD3-5F26EC7E644B}.Debug|Any CPU.Build.0 = Debug|Any CPU
		{1E143C4D-C527-4038-8CD3-5F26EC7E644B}.Release|Any CPU.ActiveCfg = Release|Any CPU
		{1E143C4D-C527-4038-8CD3-5F26EC7E644B}.Release|Any CPU.Build.0 = Release|Any CPU
	EndGlobalSection
	GlobalSection(SolutionProperties) = preSolution
		HideSolutionNode = FALSE
	EndGlobalSection
	GlobalSection(ExtensibilityGlobals) = postSolution
		SolutionGuid = {806D89B7-78D1-4038-944B-AFFE3C7A0F00}
	EndGlobalSection
EndGlobal
