
Microsoft Visual Studio Solution File, Format Version 12.00
# Visual Studio Version 16
VisualStudioVersion = 16.0.29230.47
MinimumVisualStudioVersion = 10.0.40219.1
Project("{9A19103F-16F7-4668-BE54-9A1E7A4F7556}") = "RockLib.Logging.Http", "RockLib.Logging.Http\RockLib.Logging.Http.csproj", "{C533ACDA-83EE-4554-B81C-6FC14816CB27}"
EndProject
Project("{9A19103F-16F7-4668-BE54-9A1E7A4F7556}") = "RockLib.Logging.Http.Tests", "RockLib.Logging.Http.Tests\RockLib.Logging.Http.Tests.csproj", "{263B0F8F-E732-4DCE-BA77-7F39C1C838EB}"
EndProject
Global
	GlobalSection(SolutionConfigurationPlatforms) = preSolution
		Debug|Any CPU = Debug|Any CPU
		Release|Any CPU = Release|Any CPU
	EndGlobalSection
	GlobalSection(ProjectConfigurationPlatforms) = postSolution
		{C533ACDA-83EE-4554-B81C-6FC14816CB27}.Debug|Any CPU.ActiveCfg = Debug|Any CPU
		{C533ACDA-83EE-4554-B81C-6FC14816CB27}.Debug|Any CPU.Build.0 = Debug|Any CPU
		{C533ACDA-83EE-4554-B81C-6FC14816CB27}.Release|Any CPU.ActiveCfg = Release|Any CPU
		{C533ACDA-83EE-4554-B81C-6FC14816CB27}.Release|Any CPU.Build.0 = Release|Any CPU
		{263B0F8F-E732-4DCE-BA77-7F39C1C838EB}.Debug|Any CPU.ActiveCfg = Debug|Any CPU
		{263B0F8F-E732-4DCE-BA77-7F39C1C838EB}.Debug|Any CPU.Build.0 = Debug|Any CPU
		{263B0F8F-E732-4DCE-BA77-7F39C1C838EB}.Release|Any CPU.ActiveCfg = Release|Any CPU
		{263B0F8F-E732-4DCE-BA77-7F39C1C838EB}.Release|Any CPU.Build.0 = Release|Any CPU
	EndGlobalSection
	GlobalSection(SolutionProperties) = preSolution
		HideSolutionNode = FALSE
	EndGlobalSection
	GlobalSection(ExtensibilityGlobals) = postSolution
		SolutionGuid = {806D89B7-78D1-4038-944B-AFFE3C7A0F00}
	EndGlobalSection
EndGlobal
